
Microsoft Visual Studio Solution File, Format Version 12.00
# Visual Studio Version 17
VisualStudioVersion = 17.7.34031.279
MinimumVisualStudioVersion = 10.0.40219.1
Project("{9A19103F-16F7-4668-BE54-9A1E7A4F7556}") = "ProjectEulerAlgorithms", "ProjectEulerAlgorithms.csproj", "{BF633DB6-76C7-49CB-B8BC-7D0F2119887F}"
EndProject
Project("{9A19103F-16F7-4668-BE54-9A1E7A4F7556}") = "EulerProject.Test", "..\EulerProject.Test\EulerProject.Test.csproj", "{E88D0BD5-696C-4A0F-9566-74A545D36A26}"
EndProject
Global
	GlobalSection(SolutionConfigurationPlatforms) = preSolution
		Debug|Any CPU = Debug|Any CPU
		Release|Any CPU = Release|Any CPU
	EndGlobalSection
	GlobalSection(ProjectConfigurationPlatforms) = postSolution
		{BF633DB6-76C7-49CB-B8BC-7D0F2119887F}.Debug|Any CPU.ActiveCfg = Debug|Any CPU
		{BF633DB6-76C7-49CB-B8BC-7D0F2119887F}.Debug|Any CPU.Build.0 = Debug|Any CPU
		{BF633DB6-76C7-49CB-B8BC-7D0F2119887F}.Release|Any CPU.ActiveCfg = Release|Any CPU
		{BF633DB6-76C7-49CB-B8BC-7D0F2119887F}.Release|Any CPU.Build.0 = Release|Any CPU
		{E88D0BD5-696C-4A0F-9566-74A545D36A26}.Debug|Any CPU.ActiveCfg = Debug|Any CPU
		{E88D0BD5-696C-4A0F-9566-74A545D36A26}.Debug|Any CPU.Build.0 = Debug|Any CPU
		{E88D0BD5-696C-4A0F-9566-74A545D36A26}.Release|Any CPU.ActiveCfg = Release|Any CPU
		{E88D0BD5-696C-4A0F-9566-74A545D36A26}.Release|Any CPU.Build.0 = Release|Any CPU
	EndGlobalSection
	GlobalSection(SolutionProperties) = preSolution
		HideSolutionNode = FALSE
	EndGlobalSection
	GlobalSection(ExtensibilityGlobals) = postSolution
		SolutionGuid = {A31A5F6A-4F26-4F78-917B-3E1227CAD01A}
	EndGlobalSection
EndGlobal
